
Microsoft Visual Studio Solution File, Format Version 12.00
# Visual Studio 14
VisualStudioVersion = 14.0.25420.1
MinimumVisualStudioVersion = 10.0.40219.1
Project("{2150E333-8FDC-42A3-9474-1A3956D46DE8}") = "Solution Items", "Solution Items", "{7DB55512-6D33-4602-B126-DBC4CBC0D911}"
	ProjectSection(SolutionItems) = preProject
		index.html = index.html
	EndProjectSection
EndProject
Project("{2150E333-8FDC-42A3-9474-1A3956D46DE8}") = "src", "src", "{3F51B9F6-2261-46F9-9EF0-4D564451A486}"
	ProjectSection(SolutionItems) = preProject
		src\main.js = src\main.js
		src\physics.js = src\physics.js
	EndProjectSection
EndProject
Global
	GlobalSection(SolutionProperties) = preSolution
		HideSolutionNode = FALSE
	EndGlobalSection
	GlobalSection(NestedProjects) = preSolution
		{3F51B9F6-2261-46F9-9EF0-4D564451A486} = {7DB55512-6D33-4602-B126-DBC4CBC0D911}
	EndGlobalSection
EndGlobal
